
Microsoft Visual Studio Solution File, Format Version 12.00
# Visual Studio Version 16
VisualStudioVersion = 16.0.30114.105
MinimumVisualStudioVersion = 10.0.40219.1
Project("{2150E333-8FDC-42A3-9474-1A3956D46DE8}") = "src", "src", "{C8BAA0A1-AADE-40BE-A15A-D6F584B109DA}"
EndProject
Project("{FAE04EC0-301F-11D3-BF4B-00C04F79EFBC}") = "Api", "src\api\Api.csproj", "{0F54C162-F7A2-4061-86A1-0986153317CF}"
EndProject
Project("{FAE04EC0-301F-11D3-BF4B-00C04F79EFBC}") = "Core", "src\core\Core.csproj", "{59C5394C-02AC-4834-81B0-41BF9CEC15AF}"
EndProject
Project("{FAE04EC0-301F-11D3-BF4B-00C04F79EFBC}") = "DataAccess", "src\data-access\DataAccess.csproj", "{D50C7F02-EB64-4125-B7DC-AAD86C8DABBD}"
EndProject
Project("{FAE04EC0-301F-11D3-BF4B-00C04F79EFBC}") = "Services", "src\services\Services.csproj", "{E912143D-7D62-4FED-A594-78273A5A504C}"
EndProject
Global
	GlobalSection(SolutionConfigurationPlatforms) = preSolution
		Debug|Any CPU = Debug|Any CPU
		Release|Any CPU = Release|Any CPU
	EndGlobalSection
	GlobalSection(SolutionProperties) = preSolution
		HideSolutionNode = FALSE
	EndGlobalSection
	GlobalSection(ProjectConfigurationPlatforms) = postSolution
		{0F54C162-F7A2-4061-86A1-0986153317CF}.Debug|Any CPU.ActiveCfg = Debug|Any CPU
		{0F54C162-F7A2-4061-86A1-0986153317CF}.Debug|Any CPU.Build.0 = Debug|Any CPU
		{0F54C162-F7A2-4061-86A1-0986153317CF}.Release|Any CPU.ActiveCfg = Release|Any CPU
		{0F54C162-F7A2-4061-86A1-0986153317CF}.Release|Any CPU.Build.0 = Release|Any CPU
		{59C5394C-02AC-4834-81B0-41BF9CEC15AF}.Debug|Any CPU.ActiveCfg = Debug|Any CPU
		{59C5394C-02AC-4834-81B0-41BF9CEC15AF}.Debug|Any CPU.Build.0 = Debug|Any CPU
		{59C5394C-02AC-4834-81B0-41BF9CEC15AF}.Release|Any CPU.ActiveCfg = Release|Any CPU
		{59C5394C-02AC-4834-81B0-41BF9CEC15AF}.Release|Any CPU.Build.0 = Release|Any CPU
		{D50C7F02-EB64-4125-B7DC-AAD86C8DABBD}.Debug|Any CPU.ActiveCfg = Debug|Any CPU
		{D50C7F02-EB64-4125-B7DC-AAD86C8DABBD}.Debug|Any CPU.Build.0 = Debug|Any CPU
		{D50C7F02-EB64-4125-B7DC-AAD86C8DABBD}.Release|Any CPU.ActiveCfg = Release|Any CPU
		{D50C7F02-EB64-4125-B7DC-AAD86C8DABBD}.Release|Any CPU.Build.0 = Release|Any CPU
		{E912143D-7D62-4FED-A594-78273A5A504C}.Debug|Any CPU.ActiveCfg = Debug|Any CPU
		{E912143D-7D62-4FED-A594-78273A5A504C}.Debug|Any CPU.Build.0 = Debug|Any CPU
		{E912143D-7D62-4FED-A594-78273A5A504C}.Release|Any CPU.ActiveCfg = Release|Any CPU
		{E912143D-7D62-4FED-A594-78273A5A504C}.Release|Any CPU.Build.0 = Release|Any CPU
	EndGlobalSection
	GlobalSection(NestedProjects) = preSolution
		{0F54C162-F7A2-4061-86A1-0986153317CF} = {C8BAA0A1-AADE-40BE-A15A-D6F584B109DA}
		{59C5394C-02AC-4834-81B0-41BF9CEC15AF} = {C8BAA0A1-AADE-40BE-A15A-D6F584B109DA}
		{D50C7F02-EB64-4125-B7DC-AAD86C8DABBD} = {C8BAA0A1-AADE-40BE-A15A-D6F584B109DA}
		{E912143D-7D62-4FED-A594-78273A5A504C} = {C8BAA0A1-AADE-40BE-A15A-D6F584B109DA}
	EndGlobalSection
EndGlobal
